
Microsoft Visual Studio Solution File, Format Version 12.00
# Visual Studio Version 17
VisualStudioVersion = 17.3.32929.385
MinimumVisualStudioVersion = 10.0.40219.1
Project("{FAE04EC0-301F-11D3-BF4B-00C04F79EFBC}") = "Football Souvenirs", "Football Souvenirs.csproj", "{FEE7AE3F-EA06-4BA1-B170-48C0C655A9FB}"
EndProject
Global
	GlobalSection(SolutionConfigurationPlatforms) = preSolution
		Debug|Any CPU = Debug|Any CPU
		Release|Any CPU = Release|Any CPU
	EndGlobalSection
	GlobalSection(ProjectConfigurationPlatforms) = postSolution
		{FEE7AE3F-EA06-4BA1-B170-48C0C655A9FB}.Debug|Any CPU.ActiveCfg = Debug|Any CPU
		{FEE7AE3F-EA06-4BA1-B170-48C0C655A9FB}.Debug|Any CPU.Build.0 = Debug|Any CPU
		{FEE7AE3F-EA06-4BA1-B170-48C0C655A9FB}.Release|Any CPU.ActiveCfg = Release|Any CPU
		{FEE7AE3F-EA06-4BA1-B170-48C0C655A9FB}.Release|Any CPU.Build.0 = Release|Any CPU
	EndGlobalSection
	GlobalSection(SolutionProperties) = preSolution
		HideSolutionNode = FALSE
	EndGlobalSection
	GlobalSection(ExtensibilityGlobals) = postSolution
		SolutionGuid = {DEDA1282-1357-475F-BBDB-5E28111BC621}
	EndGlobalSection
EndGlobal
